<?xml version="1.0" encoding="utf-8"?>
<Project ToolsVersion="4.0" xmlns="http://schemas.microsoft.com/developer/msbuild/2003">
  <ItemGroup>
    <Filter Include="Math">
      <UniqueIdentifier>{4FC737F1-C7A5-4376-A066-2A32D752A2FF}</UniqueIdentifier>
      <Extensions>cpp;c;cc;cxx;def;odl;idl;hpj;bat;asm;asmx</Extensions>
    </Filter>
    <Filter Include="Renderer">
      <UniqueIdentifier>{ddb17eba-e15e-4597-8bf6-064b16b159d3}</UniqueIdentifier>
    </Filter>
    <Filter Include="Helpers">
      <UniqueIdentifier>{72056cb6-72a2-42b7-b05e-376f1ddd957e}</UniqueIdentifier>
    </Filter>
    <Filter Include="Scene">
      <UniqueIdentifier>{450b485a-e569-4a8d-956d-41946e2a4969}</UniqueIdentifier>
    </Filter>
    <Filter Include="Primitives">
      <UniqueIdentifier>{8a32a0aa-0965-41c7-9334-cfa1af962726}</UniqueIdentifier>
    </Filter>
    <Filter Include="Camera">
      <UniqueIdentifier>{78c5334b-fcfc-428b-afe3-fafdcc39355b}</UniqueIdentifier>
    </Filter>
    <Filter Include="Input">
      <UniqueIdentifier>{2612d6ec-ed73-4370-a28d-bcb980490049}</UniqueIdentifier>
    </Filter>
    <Filter Include="Raytracer">
      <UniqueIdentifier>{c7170a67-eea1-45f0-9f0a-fadd4570e475}</UniqueIdentifier>
    </Filter>
    <Filter Include="Lights">
      <UniqueIdentifier>{a4e64b06-5523-43a7-a8e2-addd716fd78e}</UniqueIdentifier>
    </Filter>
    <Filter Include="Material">
      <UniqueIdentifier>{c4c1e889-bb8d-4478-b15c-92ec3fe21843}</UniqueIdentifier>
    </Filter>
    <Filter Include="Mesh">
      <UniqueIdentifier>{f4cf3717-2204-4b42-b408-3b1827e2846f}</UniqueIdentifier>
    </Filter>
    <Filter Include="Scene\Scenes">
      <UniqueIdentifier>{5cf326e7-0a0f-42a2-9076-696591d784b2}</UniqueIdentifier>
    </Filter>
  </ItemGroup>
  <ItemGroup>
    <None Include="RayTracer.props" />
  </ItemGroup>
  <ItemGroup>
    <ClInclude Include="EMath.h">
      <Filter>Math</Filter>
    </ClInclude>
    <ClInclude Include="EMathUtilities.h">
      <Filter>Math</Filter>
    </ClInclude>
    <ClInclude Include="EMatrix.h">
      <Filter>Math</Filter>
    </ClInclude>
    <ClInclude Include="EMatrix2.h">
      <Filter>Math</Filter>
    </ClInclude>
    <ClInclude Include="EMatrix3.h">
      <Filter>Math</Filter>
    </ClInclude>
    <ClInclude Include="EMatrix4.h">
      <Filter>Math</Filter>
    </ClInclude>
    <ClInclude Include="EPoint.h">
      <Filter>Math</Filter>
    </ClInclude>
    <ClInclude Include="EPoint2.h">
      <Filter>Math</Filter>
    </ClInclude>
    <ClInclude Include="EPoint3.h">
      <Filter>Math</Filter>
    </ClInclude>
    <ClInclude Include="EPoint4.h">
      <Filter>Math</Filter>
    </ClInclude>
    <ClInclude Include="EVector.h">
      <Filter>Math</Filter>
    </ClInclude>
    <ClInclude Include="EVector2.h">
      <Filter>Math</Filter>
    </ClInclude>
    <ClInclude Include="EVector3.h">
      <Filter>Math</Filter>
    </ClInclude>
    <ClInclude Include="EVector4.h">
      <Filter>Math</Filter>
    </ClInclude>
    <ClInclude Include="ERenderer.h">
      <Filter>Renderer</Filter>
    </ClInclude>
    <ClInclude Include="ERGBColor.h">
      <Filter>Helpers</Filter>
    </ClInclude>
    <ClInclude Include="ETimer.h">
      <Filter>Helpers</Filter>
    </ClInclude>
    <ClInclude Include="Scenegraph.h">
      <Filter>Scene</Filter>
    </ClInclude>
    <ClInclude Include="Primitive.h">
      <Filter>Primitives</Filter>
    </ClInclude>
    <ClInclude Include="structs.h">
      <Filter>Helpers</Filter>
    </ClInclude>
    <ClInclude Include="PSphere.h">
      <Filter>Primitives</Filter>
    </ClInclude>
    <ClInclude Include="Camera.h">
      <Filter>Camera</Filter>
    </ClInclude>
    <ClInclude Include="PPlane.h">
      <Filter>Primitives</Filter>
    </ClInclude>
    <ClInclude Include="InputManager.h">
      <Filter>Input</Filter>
    </ClInclude>
    <ClInclude Include="Raytracer.h">
      <Filter>Raytracer</Filter>
    </ClInclude>
    <ClInclude Include="Light.h">
      <Filter>Lights</Filter>
    </ClInclude>
    <ClInclude Include="LDirectional.h">
      <Filter>Lights</Filter>
    </ClInclude>
    <ClInclude Include="Material.h">
      <Filter>Material</Filter>
    </ClInclude>
    <ClInclude Include="MLambert.h">
      <Filter>Material</Filter>
    </ClInclude>
    <ClInclude Include="BRDF.h">
      <Filter>Material</Filter>
    </ClInclude>
    <ClInclude Include="LPoint.h">
      <Filter>Lights</Filter>
    </ClInclude>
    <ClInclude Include="MPhong.h">
      <Filter>Material</Filter>
    </ClInclude>
    <ClInclude Include="MLambert_Phong.h">
      <Filter>Material</Filter>
    </ClInclude>
    <ClInclude Include="MCookTorrance.h">
      <Filter>Material</Filter>
    </ClInclude>
    <ClInclude Include="TriangleMesh.h">
      <Filter>Mesh</Filter>
    </ClInclude>
    <ClInclude Include="PTriangle.h">
      <Filter>Primitives</Filter>
    </ClInclude>
    <ClInclude Include="OBJParser.h">
      <Filter>Mesh</Filter>
    </ClInclude>
    <ClInclude Include="Scene.h">
      <Filter>Scene</Filter>
    </ClInclude>
    <ClInclude Include="Scene_PBR.h">
      <Filter>Scene\Scenes</Filter>
    </ClInclude>
    <ClInclude Include="Scene_Bunny.h">
      <Filter>Scene\Scenes</Filter>
    </ClInclude>
  </ItemGroup>
  <ItemGroup>
    <ClCompile Include="ERenderer.cpp">
      <Filter>Renderer</Filter>
    </ClCompile>
    <ClCompile Include="main.cpp" />
    <ClCompile Include="ETimer.cpp">
      <Filter>Helpers</Filter>
    </ClCompile>
    <ClCompile Include="Scenegraph.cpp">
      <Filter>Scene</Filter>
    </ClCompile>
    <ClCompile Include="Primitive.cpp">
      <Filter>Primitives</Filter>
    </ClCompile>
    <ClCompile Include="PSphere.cpp">
      <Filter>Primitives</Filter>
    </ClCompile>
    <ClCompile Include="Camera.cpp">
      <Filter>Camera</Filter>
    </ClCompile>
    <ClCompile Include="PPlane.cpp">
      <Filter>Primitives</Filter>
    </ClCompile>
    <ClCompile Include="InputManager.cpp">
      <Filter>Input</Filter>
    </ClCompile>
    <ClCompile Include="Raytracer.cpp">
      <Filter>Raytracer</Filter>
    </ClCompile>
    <ClCompile Include="Light.cpp">
      <Filter>Lights</Filter>
    </ClCompile>
    <ClCompile Include="LDirectional.cpp">
      <Filter>Lights</Filter>
    </ClCompile>
    <ClCompile Include="Material.cpp">
      <Filter>Material</Filter>
    </ClCompile>
    <ClCompile Include="MLambert.cpp">
      <Filter>Material</Filter>
    </ClCompile>
    <ClCompile Include="BRDF.cpp">
      <Filter>Material</Filter>
    </ClCompile>
    <ClCompile Include="LPoint.cpp">
      <Filter>Lights</Filter>
    </ClCompile>
    <ClCompile Include="MPhong.cpp">
      <Filter>Material</Filter>
    </ClCompile>
    <ClCompile Include="MLambert_Phong.cpp">
      <Filter>Material</Filter>
    </ClCompile>
    <ClCompile Include="MCookTorrance.cpp">
      <Filter>Material</Filter>
    </ClCompile>
    <ClCompile Include="TriangleMesh.cpp">
      <Filter>Mesh</Filter>
    </ClCompile>
    <ClCompile Include="PTriangle.cpp">
      <Filter>Primitives</Filter>
    </ClCompile>
    <ClCompile Include="OBJParser.cpp">
      <Filter>Mesh</Filter>
    </ClCompile>
    <ClCompile Include="Scene.cpp">
      <Filter>Scene</Filter>
    </ClCompile>
    <ClCompile Include="Scene_PBR.cpp">
      <Filter>Scene\Scenes</Filter>
    </ClCompile>
    <ClCompile Include="Scene_Bunny.cpp">
      <Filter>Scene\Scenes</Filter>
    </ClCompile>
  </ItemGroup>
</Project>